
Microsoft Visual Studio Solution File, Format Version 12.00
# Visual Studio 14
VisualStudioVersion = 14.0.25420.1
MinimumVisualStudioVersion = 10.0.40219.1
Project("{E24C65DC-7377-472B-9ABA-BC803B73C61A}") = "Mokhaberat", ".", "{10A92D7B-A7D5-4029-A14F-924D8EEFE286}"
	ProjectSection(WebsiteProperties) = preProject
		TargetFrameworkMoniker = ".NETFramework,Version%3Dv4.0"
		Debug.AspNetCompiler.VirtualPath = "/CMS"
		Debug.AspNetCompiler.PhysicalPath = "..\CMS\"
		Debug.AspNetCompiler.TargetPath = "PrecompiledWeb\CMS\"
		Debug.AspNetCompiler.Updateable = "true"
		Debug.AspNetCompiler.ForceOverwrite = "true"
		Debug.AspNetCompiler.FixedNames = "false"
		Debug.AspNetCompiler.Debug = "True"
		Release.AspNetCompiler.VirtualPath = "/CMS"
		Release.AspNetCompiler.PhysicalPath = "..\CMS\"
		Release.AspNetCompiler.TargetPath = "PrecompiledWeb\CMS\"
		Release.AspNetCompiler.Updateable = "true"
		Release.AspNetCompiler.ForceOverwrite = "true"
		Release.AspNetCompiler.FixedNames = "false"
		Release.AspNetCompiler.Debug = "False"
		VWDPort = "18586"
		SlnRelativePath = "..\CMS\"
	EndProjectSection
EndProject
Global
	GlobalSection(SolutionConfigurationPlatforms) = preSolution
		Debug|Any CPU = Debug|Any CPU
		Debug|x86 = Debug|x86
	EndGlobalSection
	GlobalSection(ProjectConfigurationPlatforms) = postSolution
		{10A92D7B-A7D5-4029-A14F-924D8EEFE286}.Debug|Any CPU.ActiveCfg = Debug|Any CPU
		{10A92D7B-A7D5-4029-A14F-924D8EEFE286}.Debug|Any CPU.Build.0 = Debug|Any CPU
		{10A92D7B-A7D5-4029-A14F-924D8EEFE286}.Debug|x86.ActiveCfg = Debug|Any CPU
		{10A92D7B-A7D5-4029-A14F-924D8EEFE286}.Debug|x86.Build.0 = Debug|Any CPU
	EndGlobalSection
	GlobalSection(SolutionProperties) = preSolution
		HideSolutionNode = FALSE
	EndGlobalSection
EndGlobal
